
Microsoft Visual Studio Solution File, Format Version 12.00
# Visual Studio Version 16
VisualStudioVersion = 16.0.33214.272
MinimumVisualStudioVersion = 10.0.40219.1
Project("{FAE04EC0-301F-11D3-BF4B-00C04F79EFBC}") = "automationexercise.com", "automationexercise.com\automationexercise.com.csproj", "{FAD9C601-E300-4F33-925C-D0E38438F8CE}"
EndProject
Global
	GlobalSection(SolutionConfigurationPlatforms) = preSolution
		Debug|Any CPU = Debug|Any CPU
		Release|Any CPU = Release|Any CPU
	EndGlobalSection
	GlobalSection(ProjectConfigurationPlatforms) = postSolution
		{FAD9C601-E300-4F33-925C-D0E38438F8CE}.Debug|Any CPU.ActiveCfg = Debug|Any CPU
		{FAD9C601-E300-4F33-925C-D0E38438F8CE}.Debug|Any CPU.Build.0 = Debug|Any CPU
		{FAD9C601-E300-4F33-925C-D0E38438F8CE}.Release|Any CPU.ActiveCfg = Release|Any CPU
		{FAD9C601-E300-4F33-925C-D0E38438F8CE}.Release|Any CPU.Build.0 = Release|Any CPU
	EndGlobalSection
	GlobalSection(SolutionProperties) = preSolution
		HideSolutionNode = FALSE
	EndGlobalSection
	GlobalSection(ExtensibilityGlobals) = postSolution
		SolutionGuid = {955CEC33-7E33-40F4-8B8B-530EB77DABB1}
	EndGlobalSection
EndGlobal
